dependencies:
  idf:
    source:
      type: idf
    version: 5.2.1
  joltwallet/littlefs:
    component_hash: 8373229a6c63ccc08747117cd937b35de5721ba49468e4ca29dad006235e655e
    dependencies:
    - name: idf
      require: private
      version: '>=4.3'
    source:
      registry_url: https://components.espressif.com/
      type: service
    version: 1.14.5
direct_dependencies:
- idf
- joltwallet/littlefs
manifest_hash: 0b438731b3ad3dbe6e49196b8e2984de1ec99b7e28ca22fe1972bb589084d225
target: esp32c3
version: 2.0.0
